{
  "requires": true,
  "lockfileVersion": 1,
  "dependencies": {
    "reflect-metadata": {
      "version": "0.1.13",
      "resolved": "https://registry.npmjs.org/reflect-metadata/-/reflect-metadata-0.1.13.tgz",
      "integrity": "sha512-Ts1Y/anZELhSsjMcU605fU9RE4Oi3p5ORujwbIKXfWa+0Zxs510Qrmrce5/Jowq3cHSZSJqBjypxmHarc+vEWg=="
    },
    "tslib": {
      "version": "2.1.0",
      "resolved": "https://registry.npmjs.org/tslib/-/tslib-2.1.0.tgz",
      "integrity": "sha512-hcVC3wYEziELGGmEEXue7D75zbwIIVUMWAVbHItGPx0ziyXxrOMQx4rQEVEV45Ut/1IotuEvwqPopzIOkDMf0A=="
    },
    "typedjson": {
      "version": "1.7.0",
      "resolved": "https://registry.npmjs.org/typedjson/-/typedjson-1.7.0.tgz",
      "integrity": "sha512-MnRgQLwtEcdHqQG0FkT8ebpBG53Wgr/axYRbiD2WL5NcYx8Z2AoCpXvtTfLnuPqOBKG/9JpXq0O/nl2m4wqJYw==",
      "requires": {
        "tslib": "^2.0.1"
      }
    }
  }
}
